// !$*UTF8*$!
{
	archiveVersion = 1;
	classes = {
	};
	objectVersion = 55;
	objects = {

/* Begin PBXBuildFile section */
		B41D6D8D29A9D4BD00D5ACF8 /* FaceDetectorViewModel.swift in Sources */ = {isa = PBXBuildFile; fileRef = B41D6D8C29A9D4BD00D5ACF8 /* FaceDetectorViewModel.swift */; };
		B41D6D9129A9DA3800D5ACF8 /* FaceDetectionWorker.swift in Sources */ = {isa = PBXBuildFile; fileRef = B41D6D9029A9DA3800D5ACF8 /* FaceDetectionWorker.swift */; };
		B41D6D9329A9E37600D5ACF8 /* ImageUtils.swift in Sources */ = {isa = PBXBuildFile; fileRef = B41D6D9229A9E37600D5ACF8 /* ImageUtils.swift */; };
		B41D6D9829AA6D6C00D5ACF8 /* HomeView.swift in Sources */ = {isa = PBXBuildFile; fileRef = B41D6D9729AA6D6C00D5ACF8 /* HomeView.swift */; };
		B41D6D9C29AA729100D5ACF8 /* Camera.swift in Sources */ = {isa = PBXBuildFile; fileRef = B41D6D9B29AA729100D5ACF8 /* Camera.swift */; };
		B41E146F29AB331400F77284 /* ImageClassificationViewModel.swift in Sources */ = {isa = PBXBuildFile; fileRef = B41E146E29AB331400F77284 /* ImageClassificationViewModel.swift */; };
		B41E147129AB4DA400F77284 /* BaseViewModel.swift in Sources */ = {isa = PBXBuildFile; fileRef = B41E147029AB4DA400F77284 /* BaseViewModel.swift */; };
		B41E147329AB4DFC00F77284 /* BaseWorker.swift in Sources */ = {isa = PBXBuildFile; fileRef = B41E147229AB4DFC00F77284 /* BaseWorker.swift */; };
		B4786C7929AC87B9000AB89E /* ObjectDetectionWorker.swift in Sources */ = {isa = PBXBuildFile; fileRef = B4786C7829AC87B9000AB89E /* ObjectDetectionWorker.swift */; };
		B497F32429D7E3520082FA6E /* FlowerIdentificationViewModel.swift in Sources */ = {isa = PBXBuildFile; fileRef = B497F32329D7E3520082FA6E /* FlowerIdentificationViewModel.swift */; };
		B497F32729D7F4CD0082FA6E /* FaceRecognitionWorker.swift in Sources */ = {isa = PBXBuildFile; fileRef = B497F32629D7F4CD0082FA6E /* FaceRecognitionWorker.swift */; };
		B497F32929D855940082FA6E /* FaceRecognitionView.swift in Sources */ = {isa = PBXBuildFile; fileRef = B497F32829D855940082FA6E /* FaceRecognitionView.swift */; };
		B497F32B29D855CA0082FA6E /* FaceRecognitionViewModel.swift in Sources */ = {isa = PBXBuildFile; fileRef = B497F32A29D855CA0082FA6E /* FaceRecognitionViewModel.swift */; };
		B49E417A29AB011C008ABF32 /* ImagePicker.swift in Sources */ = {isa = PBXBuildFile; fileRef = B49E417929AB011C008ABF32 /* ImagePicker.swift */; };
		B49E417C29AB2A23008ABF32 /* UIUtilities.swift in Sources */ = {isa = PBXBuildFile; fileRef = B49E417B29AB2A23008ABF32 /* UIUtilities.swift */; };
		B49E418129AB3016008ABF32 /* ImageClassificationWorker.swift in Sources */ = {isa = PBXBuildFile; fileRef = B49E418029AB3016008ABF32 /* ImageClassificationWorker.swift */; };
		B4DAE44629AC8C1A00FC78C0 /* ObjectDetectionViewModel.swift in Sources */ = {isa = PBXBuildFile; fileRef = B4DAE44529AC8C1A00FC78C0 /* ObjectDetectionViewModel.swift */; };
		B4DAE44829AC8CD100FC78C0 /* CommonPhotoVideoView.swift in Sources */ = {isa = PBXBuildFile; fileRef = B4DAE44729AC8CD100FC78C0 /* CommonPhotoVideoView.swift */; };
		B4DAE45429B4485E00FC78C0 /* yamnet_classification.tflite in Resources */ = {isa = PBXBuildFile; fileRef = B4DAE44A29B4485B00FC78C0 /* yamnet_classification.tflite */; };
		B4DAE45529B4485E00FC78C0 /* my_birds_model.tflite in Resources */ = {isa = PBXBuildFile; fileRef = B4DAE44B29B4485C00FC78C0 /* my_birds_model.tflite */; };
		B4DAE45629B4485E00FC78C0 /* model_flowers.tflite in Resources */ = {isa = PBXBuildFile; fileRef = B4DAE44C29B4485C00FC78C0 /* model_flowers.tflite */; };
		B4DAE45729B4485E00FC78C0 /* model_spam.tflite in Resources */ = {isa = PBXBuildFile; fileRef = B4DAE44D29B4485D00FC78C0 /* model_spam.tflite */; };
		B4DAE45829B4485E00FC78C0 /* labels.txt in Resources */ = {isa = PBXBuildFile; fileRef = B4DAE44E29B4485D00FC78C0 /* labels.txt */; };
		B4DAE45929B4485E00FC78C0 /* model_lite_age_q.tflite in Resources */ = {isa = PBXBuildFile; fileRef = B4DAE44F29B4485D00FC78C0 /* model_lite_age_q.tflite */; };
		B4DAE45A29B4485E00FC78C0 /* labelmap.txt in Resources */ = {isa = PBXBuildFile; fileRef = B4DAE45029B4485D00FC78C0 /* labelmap.txt */; };
		B4DAE45B29B4485E00FC78C0 /* mobile_face_net.tflite in Resources */ = {isa = PBXBuildFile; fileRef = B4DAE45129B4485E00FC78C0 /* mobile_face_net.tflite */; };
		B4DAE45C29B4485E00FC78C0 /* vocab.txt in Resources */ = {isa = PBXBuildFile; fileRef = B4DAE45229B4485E00FC78C0 /* vocab.txt */; };
		B4DAE45D29B4485E00FC78C0 /* model_lite_gender_q.tflite in Resources */ = {isa = PBXBuildFile; fileRef = B4DAE45329B4485E00FC78C0 /* model_lite_gender_q.tflite */; };
		B4DAE46029B4491400FC78C0 /* FlowerIdentificationWorker.swift in Sources */ = {isa = PBXBuildFile; fileRef = B4DAE45F29B4491400FC78C0 /* FlowerIdentificationWorker.swift */; };
		B4FDF35B29A9C25F0084B359 /* MLSeriesDemonstratorIOSApp.swift in Sources */ = {isa = PBXBuildFile; fileRef = B4FDF35A29A9C25F0084B359 /* MLSeriesDemonstratorIOSApp.swift */; };
		B4FDF35F29A9C2600084B359 /* Assets.xcassets in Resources */ = {isa = PBXBuildFile; fileRef = B4FDF35E29A9C2600084B359 /* Assets.xcassets */; };
		B4FDF36229A9C2600084B359 /* Preview Assets.xcassets in Resources */ = {isa = PBXBuildFile; fileRef = B4FDF36129A9C2600084B359 /* Preview Assets.xcassets */; };
		B4FDF36C29A9C2610084B359 /* MLSeriesDemonstratorIOSTests.swift in Sources */ = {isa = PBXBuildFile; fileRef = B4FDF36B29A9C2610084B359 /* MLSeriesDemonstratorIOSTests.swift */; };
		B4FDF37629A9C2610084B359 /* MLSeriesDemonstratorIOSUITests.swift in Sources */ = {isa = PBXBuildFile; fileRef = B4FDF37529A9C2610084B359 /* MLSeriesDemonstratorIOSUITests.swift */; };
		B4FDF37829A9C2610084B359 /* MLSeriesDemonstratorIOSUITestsLaunchTests.swift in Sources */ = {isa = PBXBuildFile; fileRef = B4FDF37729A9C2610084B359 /* MLSeriesDemonstratorIOSUITestsLaunchTests.swift */; };
		B4FDF38529A9C7620084B359 /* UlPkX.jpeg in Resources */ = {isa = PBXBuildFile; fileRef = B4FDF38429A9C7620084B359 /* UlPkX.jpeg */; };
/* End PBXBuildFile section */

/* Begin PBXContainerItemProxy section */
		B4FDF36829A9C2610084B359 /* PBXContainerItemProxy */ = {
			isa = PBXContainerItemProxy;
			containerPortal = B4FDF34F29A9C25F0084B359 /* Project object */;
			proxyType = 1;
			remoteGlobalIDString = B4FDF35629A9C25F0084B359;
			remoteInfo = MLSeriesDemonstratorIOS;
		};
		B4FDF37229A9C2610084B359 /* PBXContainerItemProxy */ = {
			isa = PBXContainerItemProxy;
			containerPortal = B4FDF34F29A9C25F0084B359 /* Project object */;
			proxyType = 1;
			remoteGlobalIDString = B4FDF35629A9C25F0084B359;
			remoteInfo = MLSeriesDemonstratorIOS;
		};
/* End PBXContainerItemProxy section */

/* Begin PBXFileReference section */
		B41D6D8C29A9D4BD00D5ACF8 /* FaceDetectorViewModel.swift */ = {isa = PBXFileReference; lastKnownFileType = sourcecode.swift; path = FaceDetectorViewModel.swift; sourceTree = "<group>"; };
		B41D6D9029A9DA3800D5ACF8 /* FaceDetectionWorker.swift */ = {isa = PBXFileReference; fileEncoding = 4; lastKnownFileType = sourcecode.swift; path = FaceDetectionWorker.swift; sourceTree = "<group>"; };
		B41D6D9229A9E37600D5ACF8 /* ImageUtils.swift */ = {isa = PBXFileReference; lastKnownFileType = sourcecode.swift; path = ImageUtils.swift; sourceTree = "<group>"; };
		B41D6D9729AA6D6C00D5ACF8 /* HomeView.swift */ = {isa = PBXFileReference; lastKnownFileType = sourcecode.swift; path = HomeView.swift; sourceTree = "<group>"; };
		B41D6D9B29AA729100D5ACF8 /* Camera.swift */ = {isa = PBXFileReference; lastKnownFileType = sourcecode.swift; path = Camera.swift; sourceTree = "<group>"; };
		B41D6D9D29AA828500D5ACF8 /* Info.plist */ = {isa = PBXFileReference; lastKnownFileType = text.plist; path = Info.plist; sourceTree = "<group>"; };
		B41E146E29AB331400F77284 /* ImageClassificationViewModel.swift */ = {isa = PBXFileReference; lastKnownFileType = sourcecode.swift; path = ImageClassificationViewModel.swift; sourceTree = "<group>"; };
		B41E147029AB4DA400F77284 /* BaseViewModel.swift */ = {isa = PBXFileReference; lastKnownFileType = sourcecode.swift; path = BaseViewModel.swift; sourceTree = "<group>"; };
		B41E147229AB4DFC00F77284 /* BaseWorker.swift */ = {isa = PBXFileReference; lastKnownFileType = sourcecode.swift; path = BaseWorker.swift; sourceTree = "<group>"; };
		B4786C7829AC87B9000AB89E /* ObjectDetectionWorker.swift */ = {isa = PBXFileReference; lastKnownFileType = sourcecode.swift; path = ObjectDetectionWorker.swift; sourceTree = "<group>"; };
		B497F32329D7E3520082FA6E /* FlowerIdentificationViewModel.swift */ = {isa = PBXFileReference; lastKnownFileType = sourcecode.swift; path = FlowerIdentificationViewModel.swift; sourceTree = "<group>"; };
		B497F32629D7F4CD0082FA6E /* FaceRecognitionWorker.swift */ = {isa = PBXFileReference; lastKnownFileType = sourcecode.swift; path = FaceRecognitionWorker.swift; sourceTree = "<group>"; };
		B497F32829D855940082FA6E /* FaceRecognitionView.swift */ = {isa = PBXFileReference; lastKnownFileType = sourcecode.swift; path = FaceRecognitionView.swift; sourceTree = "<group>"; };
		B497F32A29D855CA0082FA6E /* FaceRecognitionViewModel.swift */ = {isa = PBXFileReference; lastKnownFileType = sourcecode.swift; path = FaceRecognitionViewModel.swift; sourceTree = "<group>"; };
		B49E417929AB011C008ABF32 /* ImagePicker.swift */ = {isa = PBXFileReference; lastKnownFileType = sourcecode.swift; path = ImagePicker.swift; sourceTree = "<group>"; };
		B49E417B29AB2A23008ABF32 /* UIUtilities.swift */ = {isa = PBXFileReference; lastKnownFileType = sourcecode.swift; path = UIUtilities.swift; sourceTree = "<group>"; };
		B49E418029AB3016008ABF32 /* ImageClassificationWorker.swift */ = {isa = PBXFileReference; lastKnownFileType = sourcecode.swift; path = ImageClassificationWorker.swift; sourceTree = "<group>"; };
		B4DAE44529AC8C1A00FC78C0 /* ObjectDetectionViewModel.swift */ = {isa = PBXFileReference; lastKnownFileType = sourcecode.swift; path = ObjectDetectionViewModel.swift; sourceTree = "<group>"; };
		B4DAE44729AC8CD100FC78C0 /* CommonPhotoVideoView.swift */ = {isa = PBXFileReference; lastKnownFileType = sourcecode.swift; path = CommonPhotoVideoView.swift; sourceTree = "<group>"; };
		B4DAE44A29B4485B00FC78C0 /* yamnet_classification.tflite */ = {isa = PBXFileReference; lastKnownFileType = file; path = yamnet_classification.tflite; sourceTree = "<group>"; };
		B4DAE44B29B4485C00FC78C0 /* my_birds_model.tflite */ = {isa = PBXFileReference; lastKnownFileType = file; path = my_birds_model.tflite; sourceTree = "<group>"; };
		B4DAE44C29B4485C00FC78C0 /* model_flowers.tflite */ = {isa = PBXFileReference; lastKnownFileType = file; path = model_flowers.tflite; sourceTree = "<group>"; };
		B4DAE44D29B4485D00FC78C0 /* model_spam.tflite */ = {isa = PBXFileReference; lastKnownFileType = file; path = model_spam.tflite; sourceTree = "<group>"; };
		B4DAE44E29B4485D00FC78C0 /* labels.txt */ = {isa = PBXFileReference; fileEncoding = 4; lastKnownFileType = text; path = labels.txt; sourceTree = "<group>"; };
		B4DAE44F29B4485D00FC78C0 /* model_lite_age_q.tflite */ = {isa = PBXFileReference; lastKnownFileType = file; path = model_lite_age_q.tflite; sourceTree = "<group>"; };
		B4DAE45029B4485D00FC78C0 /* labelmap.txt */ = {isa = PBXFileReference; fileEncoding = 4; lastKnownFileType = text; path = labelmap.txt; sourceTree = "<group>"; };
		B4DAE45129B4485E00FC78C0 /* mobile_face_net.tflite */ = {isa = PBXFileReference; lastKnownFileType = file; path = mobile_face_net.tflite; sourceTree = "<group>"; };
		B4DAE45229B4485E00FC78C0 /* vocab.txt */ = {isa = PBXFileReference; fileEncoding = 4; lastKnownFileType = text; path = vocab.txt; sourceTree = "<group>"; };
		B4DAE45329B4485E00FC78C0 /* model_lite_gender_q.tflite */ = {isa = PBXFileReference; lastKnownFileType = file; path = model_lite_gender_q.tflite; sourceTree = "<group>"; };
		B4DAE45F29B4491400FC78C0 /* FlowerIdentificationWorker.swift */ = {isa = PBXFileReference; lastKnownFileType = sourcecode.swift; path = FlowerIdentificationWorker.swift; sourceTree = "<group>"; };
		B4FDF35729A9C25F0084B359 /* MLSeriesDemonstratorIOS.app */ = {isa = PBXFileReference; explicitFileType = wrapper.application; includeInIndex = 0; path = MLSeriesDemonstratorIOS.app; sourceTree = BUILT_PRODUCTS_DIR; };
		B4FDF35A29A9C25F0084B359 /* MLSeriesDemonstratorIOSApp.swift */ = {isa = PBXFileReference; lastKnownFileType = sourcecode.swift; path = MLSeriesDemonstratorIOSApp.swift; sourceTree = "<group>"; };
		B4FDF35E29A9C2600084B359 /* Assets.xcassets */ = {isa = PBXFileReference; lastKnownFileType = folder.assetcatalog; path = Assets.xcassets; sourceTree = "<group>"; };
		B4FDF36129A9C2600084B359 /* Preview Assets.xcassets */ = {isa = PBXFileReference; lastKnownFileType = folder.assetcatalog; path = "Preview Assets.xcassets"; sourceTree = "<group>"; };
		B4FDF36729A9C2610084B359 /* MLSeriesDemonstratorIOSTests.xctest */ = {isa = PBXFileReference; explicitFileType = wrapper.cfbundle; includeInIndex = 0; path = MLSeriesDemonstratorIOSTests.xctest; sourceTree = BUILT_PRODUCTS_DIR; };
		B4FDF36B29A9C2610084B359 /* MLSeriesDemonstratorIOSTests.swift */ = {isa = PBXFileReference; lastKnownFileType = sourcecode.swift; path = MLSeriesDemonstratorIOSTests.swift; sourceTree = "<group>"; };
		B4FDF37129A9C2610084B359 /* MLSeriesDemonstratorIOSUITests.xctest */ = {isa = PBXFileReference; explicitFileType = wrapper.cfbundle; includeInIndex = 0; path = MLSeriesDemonstratorIOSUITests.xctest; sourceTree = BUILT_PRODUCTS_DIR; };
		B4FDF37529A9C2610084B359 /* MLSeriesDemonstratorIOSUITests.swift */ = {isa = PBXFileReference; lastKnownFileType = sourcecode.swift; path = MLSeriesDemonstratorIOSUITests.swift; sourceTree = "<group>"; };
		B4FDF37729A9C2610084B359 /* MLSeriesDemonstratorIOSUITestsLaunchTests.swift */ = {isa = PBXFileReference; lastKnownFileType = sourcecode.swift; path = MLSeriesDemonstratorIOSUITestsLaunchTests.swift; sourceTree = "<group>"; };
		B4FDF38429A9C7620084B359 /* UlPkX.jpeg */ = {isa = PBXFileReference; lastKnownFileType = image.jpeg; path = UlPkX.jpeg; sourceTree = "<group>"; };
/* End PBXFileReference section */

/* Begin PBXFrameworksBuildPhase section */
		B4FDF35429A9C25F0084B359 /* Frameworks */ = {
			isa = PBXFrameworksBuildPhase;
			buildActionMask = 2147483647;
			files = (
			);
			runOnlyForDeploymentPostprocessing = 0;
		};
		B4FDF36429A9C2610084B359 /* Frameworks */ = {
			isa = PBXFrameworksBuildPhase;
			buildActionMask = 2147483647;
			files = (
			);
			runOnlyForDeploymentPostprocessing = 0;
		};
		B4FDF36E29A9C2610084B359 /* Frameworks */ = {
			isa = PBXFrameworksBuildPhase;
			buildActionMask = 2147483647;
			files = (
			);
			runOnlyForDeploymentPostprocessing = 0;
		};
/* End PBXFrameworksBuildPhase section */

/* Begin PBXGroup section */
		0B238BB5D43C093BE28E19F4 /* Pods */ = {
			isa = PBXGroup;
			children = (
			);
			path = Pods;
			sourceTree = "<group>";
		};
		B41D6D9629AA6D4C00D5ACF8 /* FaceDetector */ = {
			isa = PBXGroup;
			children = (
				B41D6D8C29A9D4BD00D5ACF8 /* FaceDetectorViewModel.swift */,
				B41D6D9029A9DA3800D5ACF8 /* FaceDetectionWorker.swift */,
			);
			path = FaceDetector;
			sourceTree = "<group>";
		};
		B4786C7529AC871F000AB89E /* ObjectDetectionWithClassification */ = {
			isa = PBXGroup;
			children = (
				B4786C7829AC87B9000AB89E /* ObjectDetectionWorker.swift */,
				B4DAE44529AC8C1A00FC78C0 /* ObjectDetectionViewModel.swift */,
			);
			path = ObjectDetectionWithClassification;
			sourceTree = "<group>";
		};
		B497F32529D7F4850082FA6E /* FaceRecognition */ = {
			isa = PBXGroup;
			children = (
				B497F32629D7F4CD0082FA6E /* FaceRecognitionWorker.swift */,
				B497F32829D855940082FA6E /* FaceRecognitionView.swift */,
				B497F32A29D855CA0082FA6E /* FaceRecognitionViewModel.swift */,
			);
			path = FaceRecognition;
			sourceTree = "<group>";
		};
		B49E417D29AB2F73008ABF32 /* ImageClassification */ = {
			isa = PBXGroup;
			children = (
				B49E418029AB3016008ABF32 /* ImageClassificationWorker.swift */,
				B41E146E29AB331400F77284 /* ImageClassificationViewModel.swift */,
			);
			path = ImageClassification;
			sourceTree = "<group>";
		};
		B4DAE44929B4478700FC78C0 /* ML_Models */ = {
			isa = PBXGroup;
			children = (
				B4DAE45029B4485D00FC78C0 /* labelmap.txt */,
				B4DAE44E29B4485D00FC78C0 /* labels.txt */,
				B4DAE45129B4485E00FC78C0 /* mobile_face_net.tflite */,
				B4DAE44C29B4485C00FC78C0 /* model_flowers.tflite */,
				B4DAE44F29B4485D00FC78C0 /* model_lite_age_q.tflite */,
				B4DAE45329B4485E00FC78C0 /* model_lite_gender_q.tflite */,
				B4DAE44D29B4485D00FC78C0 /* model_spam.tflite */,
				B4DAE44B29B4485C00FC78C0 /* my_birds_model.tflite */,
				B4DAE45229B4485E00FC78C0 /* vocab.txt */,
				B4DAE44A29B4485B00FC78C0 /* yamnet_classification.tflite */,
			);
			path = ML_Models;
			sourceTree = "<group>";
		};
		B4DAE45E29B448EF00FC78C0 /* FlowerIdentification */ = {
			isa = PBXGroup;
			children = (
				B4DAE45F29B4491400FC78C0 /* FlowerIdentificationWorker.swift */,
				B497F32329D7E3520082FA6E /* FlowerIdentificationViewModel.swift */,
			);
			path = FlowerIdentification;
			sourceTree = "<group>";
		};
		B4FDF34E29A9C25F0084B359 = {
			isa = PBXGroup;
			children = (
				B4FDF35929A9C25F0084B359 /* MLSeriesDemonstratorIOS */,
				B4FDF36A29A9C2610084B359 /* MLSeriesDemonstratorIOSTests */,
				B4FDF37429A9C2610084B359 /* MLSeriesDemonstratorIOSUITests */,
				B4FDF35829A9C25F0084B359 /* Products */,
				0B238BB5D43C093BE28E19F4 /* Pods */,
			);
			sourceTree = "<group>";
		};
		B4FDF35829A9C25F0084B359 /* Products */ = {
			isa = PBXGroup;
			children = (
				B4FDF35729A9C25F0084B359 /* MLSeriesDemonstratorIOS.app */,
				B4FDF36729A9C2610084B359 /* MLSeriesDemonstratorIOSTests.xctest */,
				B4FDF37129A9C2610084B359 /* MLSeriesDemonstratorIOSUITests.xctest */,
			);
			name = Products;
			sourceTree = "<group>";
		};
		B4FDF35929A9C25F0084B359 /* MLSeriesDemonstratorIOS */ = {
			isa = PBXGroup;
			children = (
				B4DAE44929B4478700FC78C0 /* ML_Models */,
				B41D6D9D29AA828500D5ACF8 /* Info.plist */,
				B4786C7529AC871F000AB89E /* ObjectDetectionWithClassification */,
				B49E417D29AB2F73008ABF32 /* ImageClassification */,
				B4DAE45E29B448EF00FC78C0 /* FlowerIdentification */,
				B41D6D9629AA6D4C00D5ACF8 /* FaceDetector */,
				B497F32529D7F4850082FA6E /* FaceRecognition */,
				B4FDF35A29A9C25F0084B359 /* MLSeriesDemonstratorIOSApp.swift */,
				B4FDF35E29A9C2600084B359 /* Assets.xcassets */,
				B4FDF38429A9C7620084B359 /* UlPkX.jpeg */,
				B4FDF36029A9C2600084B359 /* Preview Content */,
				B41D6D9229A9E37600D5ACF8 /* ImageUtils.swift */,
				B41D6D9729AA6D6C00D5ACF8 /* HomeView.swift */,
				B41D6D9B29AA729100D5ACF8 /* Camera.swift */,
				B49E417929AB011C008ABF32 /* ImagePicker.swift */,
				B49E417B29AB2A23008ABF32 /* UIUtilities.swift */,
				B41E147029AB4DA400F77284 /* BaseViewModel.swift */,
				B41E147229AB4DFC00F77284 /* BaseWorker.swift */,
				B4DAE44729AC8CD100FC78C0 /* CommonPhotoVideoView.swift */,
			);
			path = MLSeriesDemonstratorIOS;
			sourceTree = "<group>";
		};
		B4FDF36029A9C2600084B359 /* Preview Content */ = {
			isa = PBXGroup;
			children = (
				B4FDF36129A9C2600084B359 /* Preview Assets.xcassets */,
			);
			path = "Preview Content";
			sourceTree = "<group>";
		};
		B4FDF36A29A9C2610084B359 /* MLSeriesDemonstratorIOSTests */ = {
			isa = PBXGroup;
			children = (
				B4FDF36B29A9C2610084B359 /* MLSeriesDemonstratorIOSTests.swift */,
			);
			path = MLSeriesDemonstratorIOSTests;
			sourceTree = "<group>";
		};
		B4FDF37429A9C2610084B359 /* MLSeriesDemonstratorIOSUITests */ = {
			isa = PBXGroup;
			children = (
				B4FDF37529A9C2610084B359 /* MLSeriesDemonstratorIOSUITests.swift */,
				B4FDF37729A9C2610084B359 /* MLSeriesDemonstratorIOSUITestsLaunchTests.swift */,
			);
			path = MLSeriesDemonstratorIOSUITests;
			sourceTree = "<group>";
		};
/* End PBXGroup section */

/* Begin PBXNativeTarget section */
		B4FDF35629A9C25F0084B359 /* MLSeriesDemonstratorIOS */ = {
			isa = PBXNativeTarget;
			buildConfigurationList = B4FDF37B29A9C2610084B359 /* Build configuration list for PBXNativeTarget "MLSeriesDemonstratorIOS" */;
			buildPhases = (
				B4FDF35329A9C25F0084B359 /* Sources */,
				B4FDF35429A9C25F0084B359 /* Frameworks */,
				B4FDF35529A9C25F0084B359 /* Resources */,
			);
			buildRules = (
			);
			dependencies = (
			);
			name = MLSeriesDemonstratorIOS;
			productName = MLSeriesDemonstratorIOS;
			productReference = B4FDF35729A9C25F0084B359 /* MLSeriesDemonstratorIOS.app */;
			productType = "com.apple.product-type.application";
		};
		B4FDF36629A9C2610084B359 /* MLSeriesDemonstratorIOSTests */ = {
			isa = PBXNativeTarget;
			buildConfigurationList = B4FDF37E29A9C2610084B359 /* Build configuration list for PBXNativeTarget "MLSeriesDemonstratorIOSTests" */;
			buildPhases = (
				B4FDF36329A9C2610084B359 /* Sources */,
				B4FDF36429A9C2610084B359 /* Frameworks */,
				B4FDF36529A9C2610084B359 /* Resources */,
			);
			buildRules = (
			);
			dependencies = (
				B4FDF36929A9C2610084B359 /* PBXTargetDependency */,
			);
			name = MLSeriesDemonstratorIOSTests;
			productName = MLSeriesDemonstratorIOSTests;
			productReference = B4FDF36729A9C2610084B359 /* MLSeriesDemonstratorIOSTests.xctest */;
			productType = "com.apple.product-type.bundle.unit-test";
		};
		B4FDF37029A9C2610084B359 /* MLSeriesDemonstratorIOSUITests */ = {
			isa = PBXNativeTarget;
			buildConfigurationList = B4FDF38129A9C2610084B359 /* Build configuration list for PBXNativeTarget "MLSeriesDemonstratorIOSUITests" */;
			buildPhases = (
				B4FDF36D29A9C2610084B359 /* Sources */,
				B4FDF36E29A9C2610084B359 /* Frameworks */,
				B4FDF36F29A9C2610084B359 /* Resources */,
			);
			buildRules = (
			);
			dependencies = (
				B4FDF37329A9C2610084B359 /* PBXTargetDependency */,
			);
			name = MLSeriesDemonstratorIOSUITests;
			productName = MLSeriesDemonstratorIOSUITests;
			productReference = B4FDF37129A9C2610084B359 /* MLSeriesDemonstratorIOSUITests.xctest */;
			productType = "com.apple.product-type.bundle.ui-testing";
		};
/* End PBXNativeTarget section */

/* Begin PBXProject section */
		B4FDF34F29A9C25F0084B359 /* Project object */ = {
			isa = PBXProject;
			attributes = {
				BuildIndependentTargetsInParallel = 1;
				LastSwiftUpdateCheck = 1420;
				LastUpgradeCheck = 1420;
				TargetAttributes = {
					B4FDF35629A9C25F0084B359 = {
						CreatedOnToolsVersion = 14.2;
					};
					B4FDF36629A9C2610084B359 = {
						CreatedOnToolsVersion = 14.2;
						TestTargetID = B4FDF35629A9C25F0084B359;
					};
					B4FDF37029A9C2610084B359 = {
						CreatedOnToolsVersion = 14.2;
						TestTargetID = B4FDF35629A9C25F0084B359;
					};
				};
			};
			buildConfigurationList = B4FDF35229A9C25F0084B359 /* Build configuration list for PBXProject "MLSeriesDemonstratorIOS" */;
			compatibilityVersion = "Xcode 13.0";
			developmentRegion = en;
			hasScannedForEncodings = 0;
			knownRegions = (
				en,
				Base,
			);
			mainGroup = B4FDF34E29A9C25F0084B359;
			productRefGroup = B4FDF35829A9C25F0084B359 /* Products */;
			projectDirPath = "";
			projectRoot = "";
			targets = (
				B4FDF35629A9C25F0084B359 /* MLSeriesDemonstratorIOS */,
				B4FDF36629A9C2610084B359 /* MLSeriesDemonstratorIOSTests */,
				B4FDF37029A9C2610084B359 /* MLSeriesDemonstratorIOSUITests */,
			);
		};
/* End PBXProject section */

/* Begin PBXResourcesBuildPhase section */
		B4FDF35529A9C25F0084B359 /* Resources */ = {
			isa = PBXResourcesBuildPhase;
			buildActionMask = 2147483647;
			files = (
				B4DAE45929B4485E00FC78C0 /* model_lite_age_q.tflite in Resources */,
				B4DAE45B29B4485E00FC78C0 /* mobile_face_net.tflite in Resources */,
				B4DAE45529B4485E00FC78C0 /* my_birds_model.tflite in Resources */,
				B4DAE45729B4485E00FC78C0 /* model_spam.tflite in Resources */,
				B4FDF36229A9C2600084B359 /* Preview Assets.xcassets in Resources */,
				B4DAE45A29B4485E00FC78C0 /* labelmap.txt in Resources */,
				B4DAE45C29B4485E00FC78C0 /* vocab.txt in Resources */,
				B4DAE45829B4485E00FC78C0 /* labels.txt in Resources */,
				B4DAE45629B4485E00FC78C0 /* model_flowers.tflite in Resources */,
				B4DAE45D29B4485E00FC78C0 /* model_lite_gender_q.tflite in Resources */,
				B4FDF35F29A9C2600084B359 /* Assets.xcassets in Resources */,
				B4FDF38529A9C7620084B359 /* UlPkX.jpeg in Resources */,
				B4DAE45429B4485E00FC78C0 /* yamnet_classification.tflite in Resources */,
			);
			runOnlyForDeploymentPostprocessing = 0;
		};
		B4FDF36529A9C2610084B359 /* Resources */ = {
			isa = PBXResourcesBuildPhase;
			buildActionMask = 2147483647;
			files = (
			);
			runOnlyForDeploymentPostprocessing = 0;
		};
		B4FDF36F29A9C2610084B359 /* Resources */ = {
			isa = PBXResourcesBuildPhase;
			buildActionMask = 2147483647;
			files = (
			);
			runOnlyForDeploymentPostprocessing = 0;
		};
/* End PBXResourcesBuildPhase section */

/* Begin PBXSourcesBuildPhase section */
		B4FDF35329A9C25F0084B359 /* Sources */ = {
			isa = PBXSourcesBuildPhase;
			buildActionMask = 2147483647;
			files = (
				B41D6D9C29AA729100D5ACF8 /* Camera.swift in Sources */,
				B41D6D9129A9DA3800D5ACF8 /* FaceDetectionWorker.swift in Sources */,
				B497F32729D7F4CD0082FA6E /* FaceRecognitionWorker.swift in Sources */,
				B49E417A29AB011C008ABF32 /* ImagePicker.swift in Sources */,
				B41D6D8D29A9D4BD00D5ACF8 /* FaceDetectorViewModel.swift in Sources */,
				B41E146F29AB331400F77284 /* ImageClassificationViewModel.swift in Sources */,
				B4786C7929AC87B9000AB89E /* ObjectDetectionWorker.swift in Sources */,
				B4DAE44629AC8C1A00FC78C0 /* ObjectDetectionViewModel.swift in Sources */,
				B41E147129AB4DA400F77284 /* BaseViewModel.swift in Sources */,
				B497F32B29D855CA0082FA6E /* FaceRecognitionViewModel.swift in Sources */,
				B41E147329AB4DFC00F77284 /* BaseWorker.swift in Sources */,
				B41D6D9829AA6D6C00D5ACF8 /* HomeView.swift in Sources */,
				B41D6D9329A9E37600D5ACF8 /* ImageUtils.swift in Sources */,
				B497F32429D7E3520082FA6E /* FlowerIdentificationViewModel.swift in Sources */,
				B49E418129AB3016008ABF32 /* ImageClassificationWorker.swift in Sources */,
				B4DAE46029B4491400FC78C0 /* FlowerIdentificationWorker.swift in Sources */,
				B497F32929D855940082FA6E /* FaceRecognitionView.swift in Sources */,
				B49E417C29AB2A23008ABF32 /* UIUtilities.swift in Sources */,
				B4DAE44829AC8CD100FC78C0 /* CommonPhotoVideoView.swift in Sources */,
				B4FDF35B29A9C25F0084B359 /* MLSeriesDemonstratorIOSApp.swift in Sources */,
			);
			runOnlyForDeploymentPostprocessing = 0;
		};
		B4FDF36329A9C2610084B359 /* Sources */ = {
			isa = PBXSourcesBuildPhase;
			buildActionMask = 2147483647;
			files = (
				B4FDF36C29A9C2610084B359 /* MLSeriesDemonstratorIOSTests.swift in Sources */,
			);
			runOnlyForDeploymentPostprocessing = 0;
		};
		B4FDF36D29A9C2610084B359 /* Sources */ = {
			isa = PBXSourcesBuildPhase;
			buildActionMask = 2147483647;
			files = (
				B4FDF37829A9C2610084B359 /* MLSeriesDemonstratorIOSUITestsLaunchTests.swift in Sources */,
				B4FDF37629A9C2610084B359 /* MLSeriesDemonstratorIOSUITests.swift in Sources */,
			);
			runOnlyForDeploymentPostprocessing = 0;
		};
/* End PBXSourcesBuildPhase section */

/* Begin PBXTargetDependency section */
		B4FDF36929A9C2610084B359 /* PBXTargetDependency */ = {
			isa = PBXTargetDependency;
			target = B4FDF35629A9C25F0084B359 /* MLSeriesDemonstratorIOS */;
			targetProxy = B4FDF36829A9C2610084B359 /* PBXContainerItemProxy */;
		};
		B4FDF37329A9C2610084B359 /* PBXTargetDependency */ = {
			isa = PBXTargetDependency;
			target = B4FDF35629A9C25F0084B359 /* MLSeriesDemonstratorIOS */;
			targetProxy = B4FDF37229A9C2610084B359 /* PBXContainerItemProxy */;
		};
/* End PBXTargetDependency section */

/* Begin XCBuildConfiguration section */
		B4FDF37929A9C2610084B359 /* Debug */ = {
			isa = XCBuildConfiguration;
			buildSettings = {
				ALWAYS_SEARCH_USER_PATHS = NO;
				CLANG_ANALYZER_NONNULL = YES;
				CLANG_ANALYZER_NUMBER_OBJECT_CONVERSION = YES_AGGRESSIVE;
				CLANG_CXX_LANGUAGE_STANDARD = "gnu++20";
				CLANG_ENABLE_MODULES = YES;
				CLANG_ENABLE_OBJC_ARC = YES;
				CLANG_ENABLE_OBJC_WEAK = YES;
				CLANG_WARN_BLOCK_CAPTURE_AUTORELEASING = YES;
				CLANG_WARN_BOOL_CONVERSION = YES;
				CLANG_WARN_COMMA = YES;
				CLANG_WARN_CONSTANT_CONVERSION = YES;
				CLANG_WARN_DEPRECATED_OBJC_IMPLEMENTATIONS = YES;
				CLANG_WARN_DIRECT_OBJC_ISA_USAGE = YES_ERROR;
				CLANG_WARN_DOCUMENTATION_COMMENTS = YES;
				CLANG_WARN_EMPTY_BODY = YES;
				CLANG_WARN_ENUM_CONVERSION = YES;
				CLANG_WARN_INFINITE_RECURSION = YES;
				CLANG_WARN_INT_CONVERSION = YES;
				CLANG_WARN_NON_LITERAL_NULL_CONVERSION = YES;
				CLANG_WARN_OBJC_IMPLICIT_RETAIN_SELF = YES;
				CLANG_WARN_OBJC_LITERAL_CONVERSION = YES;
				CLANG_WARN_OBJC_ROOT_CLASS = YES_ERROR;
				CLANG_WARN_QUOTED_INCLUDE_IN_FRAMEWORK_HEADER = YES;
				CLANG_WARN_RANGE_LOOP_ANALYSIS = YES;
				CLANG_WARN_STRICT_PROTOTYPES = YES;
				CLANG_WARN_SUSPICIOUS_MOVE = YES;
				CLANG_WARN_UNGUARDED_AVAILABILITY = YES_AGGRESSIVE;
				CLANG_WARN_UNREACHABLE_CODE = YES;
				CLANG_WARN__DUPLICATE_METHOD_MATCH = YES;
				COPY_PHASE_STRIP = NO;
				DEBUG_INFORMATION_FORMAT = dwarf;
				ENABLE_STRICT_OBJC_MSGSEND = YES;
				ENABLE_TESTABILITY = YES;
				GCC_C_LANGUAGE_STANDARD = gnu11;
				GCC_DYNAMIC_NO_PIC = NO;
				GCC_NO_COMMON_BLOCKS = YES;
				GCC_OPTIMIZATION_LEVEL = 0;
				GCC_PREPROCESSOR_DEFINITIONS = (
					"DEBUG=1",
					"$(inherited)",
				);
				GCC_WARN_64_TO_32_BIT_CONVERSION = YES;
				GCC_WARN_ABOUT_RETURN_TYPE = YES_ERROR;
				GCC_WARN_UNDECLARED_SELECTOR = YES;
				GCC_WARN_UNINITIALIZED_AUTOS = YES_AGGRESSIVE;
				GCC_WARN_UNUSED_FUNCTION = YES;
				GCC_WARN_UNUSED_VARIABLE = YES;
				IPHONEOS_DEPLOYMENT_TARGET = 16.2;
				MTL_ENABLE_DEBUG_INFO = INCLUDE_SOURCE;
				MTL_FAST_MATH = YES;
				ONLY_ACTIVE_ARCH = YES;
				SDKROOT = iphoneos;
				SWIFT_ACTIVE_COMPILATION_CONDITIONS = DEBUG;
				SWIFT_OPTIMIZATION_LEVEL = "-Onone";
			};
			name = Debug;
		};
		B4FDF37A29A9C2610084B359 /* Release */ = {
			isa = XCBuildConfiguration;
			buildSettings = {
				ALWAYS_SEARCH_USER_PATHS = NO;
				CLANG_ANALYZER_NONNULL = YES;
				CLANG_ANALYZER_NUMBER_OBJECT_CONVERSION = YES_AGGRESSIVE;
				CLANG_CXX_LANGUAGE_STANDARD = "gnu++20";
				CLANG_ENABLE_MODULES = YES;
				CLANG_ENABLE_OBJC_ARC = YES;
				CLANG_ENABLE_OBJC_WEAK = YES;
				CLANG_WARN_BLOCK_CAPTURE_AUTORELEASING = YES;
				CLANG_WARN_BOOL_CONVERSION = YES;
				CLANG_WARN_COMMA = YES;
				CLANG_WARN_CONSTANT_CONVERSION = YES;
				CLANG_WARN_DEPRECATED_OBJC_IMPLEMENTATIONS = YES;
				CLANG_WARN_DIRECT_OBJC_ISA_USAGE = YES_ERROR;
				CLANG_WARN_DOCUMENTATION_COMMENTS = YES;
				CLANG_WARN_EMPTY_BODY = YES;
				CLANG_WARN_ENUM_CONVERSION = YES;
				CLANG_WARN_INFINITE_RECURSION = YES;
				CLANG_WARN_INT_CONVERSION = YES;
				CLANG_WARN_NON_LITERAL_NULL_CONVERSION = YES;
				CLANG_WARN_OBJC_IMPLICIT_RETAIN_SELF = YES;
				CLANG_WARN_OBJC_LITERAL_CONVERSION = YES;
				CLANG_WARN_OBJC_ROOT_CLASS = YES_ERROR;
				CLANG_WARN_QUOTED_INCLUDE_IN_FRAMEWORK_HEADER = YES;
				CLANG_WARN_RANGE_LOOP_ANALYSIS = YES;
				CLANG_WARN_STRICT_PROTOTYPES = YES;
				CLANG_WARN_SUSPICIOUS_MOVE = YES;
				CLANG_WARN_UNGUARDED_AVAILABILITY = YES_AGGRESSIVE;
				CLANG_WARN_UNREACHABLE_CODE = YES;
				CLANG_WARN__DUPLICATE_METHOD_MATCH = YES;
				COPY_PHASE_STRIP = NO;
				DEBUG_INFORMATION_FORMAT = "dwarf-with-dsym";
				ENABLE_NS_ASSERTIONS = NO;
				ENABLE_STRICT_OBJC_MSGSEND = YES;
				GCC_C_LANGUAGE_STANDARD = gnu11;
				GCC_NO_COMMON_BLOCKS = YES;
				GCC_WARN_64_TO_32_BIT_CONVERSION = YES;
				GCC_WARN_ABOUT_RETURN_TYPE = YES_ERROR;
				GCC_WARN_UNDECLARED_SELECTOR = YES;
				GCC_WARN_UNINITIALIZED_AUTOS = YES_AGGRESSIVE;
				GCC_WARN_UNUSED_FUNCTION = YES;
				GCC_WARN_UNUSED_VARIABLE = YES;
				IPHONEOS_DEPLOYMENT_TARGET = 16.2;
				MTL_ENABLE_DEBUG_INFO = NO;
				MTL_FAST_MATH = YES;
				SDKROOT = iphoneos;
				SWIFT_COMPILATION_MODE = wholemodule;
				SWIFT_OPTIMIZATION_LEVEL = "-O";
				VALIDATE_PRODUCT = YES;
			};
			name = Release;
		};
		B4FDF37C29A9C2610084B359 /* Debug */ = {
			isa = XCBuildConfiguration;
			buildSettings = {
				ASSETCATALOG_COMPILER_APPICON_NAME = AppIcon;
				ASSETCATALOG_COMPILER_GLOBAL_ACCENT_COLOR_NAME = AccentColor;
				CODE_SIGN_STYLE = Automatic;
				CURRENT_PROJECT_VERSION = 1;
				DEVELOPMENT_ASSET_PATHS = "\"MLSeriesDemonstratorIOS/Preview Content\"";
				DEVELOPMENT_TEAM = AQSBAVG7MN;
				ENABLE_PREVIEWS = YES;
				GENERATE_INFOPLIST_FILE = YES;
				INFOPLIST_FILE = MLSeriesDemonstratorIOS/Info.plist;
				INFOPLIST_KEY_CFBundleDisplayName = "ML Series Demonstrator";
				INFOPLIST_KEY_LSApplicationCategoryType = "public.app-category.education";
				INFOPLIST_KEY_UIApplicationSceneManifest_Generation = YES;
				INFOPLIST_KEY_UIApplicationSupportsIndirectInputEvents = YES;
				INFOPLIST_KEY_UILaunchScreen_Generation = YES;
				INFOPLIST_KEY_UISupportedInterfaceOrientations_iPad = "UIInterfaceOrientationPortrait UIInterfaceOrientationPortraitUpsideDown UIInterfaceOrientationLandscapeLeft UIInterfaceOrientationLandscapeRight";
				INFOPLIST_KEY_UISupportedInterfaceOrientations_iPhone = "UIInterfaceOrientationPortrait UIInterfaceOrientationLandscapeLeft UIInterfaceOrientationLandscapeRight";
				IPHONEOS_DEPLOYMENT_TARGET = 15.0;
				LD_RUNPATH_SEARCH_PATHS = (
					"$(inherited)",
					"@executable_path/Frameworks",
				);
				MARKETING_VERSION = 1.0;
				PRODUCT_BUNDLE_IDENTIFIER = com.iago.MLSeriesDemonstratorIOS;
				PRODUCT_NAME = "$(TARGET_NAME)";
				SUPPORTED_PLATFORMS = "iphoneos iphonesimulator";
				SUPPORTS_MACCATALYST = NO;
				SUPPORTS_MAC_DESIGNED_FOR_IPHONE_IPAD = NO;
				SWIFT_EMIT_LOC_STRINGS = YES;
				SWIFT_VERSION = 5.0;
				TARGETED_DEVICE_FAMILY = "1,2";
			};
			name = Debug;
		};
		B4FDF37D29A9C2610084B359 /* Release */ = {
			isa = XCBuildConfiguration;
			buildSettings = {
				ASSETCATALOG_COMPILER_APPICON_NAME = AppIcon;
				ASSETCATALOG_COMPILER_GLOBAL_ACCENT_COLOR_NAME = AccentColor;
				CODE_SIGN_STYLE = Automatic;
				CURRENT_PROJECT_VERSION = 1;
				DEVELOPMENT_ASSET_PATHS = "\"MLSeriesDemonstratorIOS/Preview Content\"";
				DEVELOPMENT_TEAM = AQSBAVG7MN;
				ENABLE_PREVIEWS = YES;
				GENERATE_INFOPLIST_FILE = YES;
				INFOPLIST_FILE = MLSeriesDemonstratorIOS/Info.plist;
				INFOPLIST_KEY_CFBundleDisplayName = "ML Series Demonstrator";
				INFOPLIST_KEY_LSApplicationCategoryType = "public.app-category.education";
				INFOPLIST_KEY_UIApplicationSceneManifest_Generation = YES;
				INFOPLIST_KEY_UIApplicationSupportsIndirectInputEvents = YES;
				INFOPLIST_KEY_UILaunchScreen_Generation = YES;
				INFOPLIST_KEY_UISupportedInterfaceOrientations_iPad = "UIInterfaceOrientationPortrait UIInterfaceOrientationPortraitUpsideDown UIInterfaceOrientationLandscapeLeft UIInterfaceOrientationLandscapeRight";
				INFOPLIST_KEY_UISupportedInterfaceOrientations_iPhone = "UIInterfaceOrientationPortrait UIInterfaceOrientationLandscapeLeft UIInterfaceOrientationLandscapeRight";
				IPHONEOS_DEPLOYMENT_TARGET = 15.0;
				LD_RUNPATH_SEARCH_PATHS = (
					"$(inherited)",
					"@executable_path/Frameworks",
				);
				MARKETING_VERSION = 1.0;
				PRODUCT_BUNDLE_IDENTIFIER = com.iago.MLSeriesDemonstratorIOS;
				PRODUCT_NAME = "$(TARGET_NAME)";
				SUPPORTED_PLATFORMS = "iphoneos iphonesimulator";
				SUPPORTS_MACCATALYST = NO;
				SUPPORTS_MAC_DESIGNED_FOR_IPHONE_IPAD = NO;
				SWIFT_EMIT_LOC_STRINGS = YES;
				SWIFT_VERSION = 5.0;
				TARGETED_DEVICE_FAMILY = "1,2";
			};
			name = Release;
		};
		B4FDF37F29A9C2610084B359 /* Debug */ = {
			isa = XCBuildConfiguration;
			buildSettings = {
				ALWAYS_EMBED_SWIFT_STANDARD_LIBRARIES = YES;
				BUNDLE_LOADER = "$(TEST_HOST)";
				CODE_SIGN_STYLE = Automatic;
				CURRENT_PROJECT_VERSION = 1;
				GENERATE_INFOPLIST_FILE = YES;
				IPHONEOS_DEPLOYMENT_TARGET = 16.2;
				MARKETING_VERSION = 1.0;
				PRODUCT_BUNDLE_IDENTIFIER = com.iago.MLSeriesDemonstratorIOSTests;
				PRODUCT_NAME = "$(TARGET_NAME)";
				SWIFT_EMIT_LOC_STRINGS = NO;
				SWIFT_VERSION = 5.0;
				TARGETED_DEVICE_FAMILY = "1,2";
				TEST_HOST = "$(BUILT_PRODUCTS_DIR)/MLSeriesDemonstratorIOS.app/$(BUNDLE_EXECUTABLE_FOLDER_PATH)/MLSeriesDemonstratorIOS";
			};
			name = Debug;
		};
		B4FDF38029A9C2610084B359 /* Release */ = {
			isa = XCBuildConfiguration;
			buildSettings = {
				ALWAYS_EMBED_SWIFT_STANDARD_LIBRARIES = YES;
				BUNDLE_LOADER = "$(TEST_HOST)";
				CODE_SIGN_STYLE = Automatic;
				CURRENT_PROJECT_VERSION = 1;
				GENERATE_INFOPLIST_FILE = YES;
				IPHONEOS_DEPLOYMENT_TARGET = 16.2;
				MARKETING_VERSION = 1.0;
				PRODUCT_BUNDLE_IDENTIFIER = com.iago.MLSeriesDemonstratorIOSTests;
				PRODUCT_NAME = "$(TARGET_NAME)";
				SWIFT_EMIT_LOC_STRINGS = NO;
				SWIFT_VERSION = 5.0;
				TARGETED_DEVICE_FAMILY = "1,2";
				TEST_HOST = "$(BUILT_PRODUCTS_DIR)/MLSeriesDemonstratorIOS.app/$(BUNDLE_EXECUTABLE_FOLDER_PATH)/MLSeriesDemonstratorIOS";
			};
			name = Release;
		};
		B4FDF38229A9C2610084B359 /* Debug */ = {
			isa = XCBuildConfiguration;
			buildSettings = {
				ALWAYS_EMBED_SWIFT_STANDARD_LIBRARIES = YES;
				CODE_SIGN_STYLE = Automatic;
				CURRENT_PROJECT_VERSION = 1;
				GENERATE_INFOPLIST_FILE = YES;
				MARKETING_VERSION = 1.0;
				PRODUCT_BUNDLE_IDENTIFIER = com.iago.MLSeriesDemonstratorIOSUITests;
				PRODUCT_NAME = "$(TARGET_NAME)";
				SWIFT_EMIT_LOC_STRINGS = NO;
				SWIFT_VERSION = 5.0;
				TARGETED_DEVICE_FAMILY = "1,2";
				TEST_TARGET_NAME = MLSeriesDemonstratorIOS;
			};
			name = Debug;
		};
		B4FDF38329A9C2610084B359 /* Release */ = {
			isa = XCBuildConfiguration;
			buildSettings = {
				ALWAYS_EMBED_SWIFT_STANDARD_LIBRARIES = YES;
				CODE_SIGN_STYLE = Automatic;
				CURRENT_PROJECT_VERSION = 1;
				GENERATE_INFOPLIST_FILE = YES;
				MARKETING_VERSION = 1.0;
				PRODUCT_BUNDLE_IDENTIFIER = com.iago.MLSeriesDemonstratorIOSUITests;
				PRODUCT_NAME = "$(TARGET_NAME)";
				SWIFT_EMIT_LOC_STRINGS = NO;
				SWIFT_VERSION = 5.0;
				TARGETED_DEVICE_FAMILY = "1,2";
				TEST_TARGET_NAME = MLSeriesDemonstratorIOS;
			};
			name = Release;
		};
/* End XCBuildConfiguration section */

/* Begin XCConfigurationList section */
		B4FDF35229A9C25F0084B359 /* Build configuration list for PBXProject "MLSeriesDemonstratorIOS" */ = {
			isa = XCConfigurationList;
			buildConfigurations = (
				B4FDF37929A9C2610084B359 /* Debug */,
				B4FDF37A29A9C2610084B359 /* Release */,
			);
			defaultConfigurationIsVisible = 0;
			defaultConfigurationName = Release;
		};
		B4FDF37B29A9C2610084B359 /* Build configuration list for PBXNativeTarget "MLSeriesDemonstratorIOS" */ = {
			isa = XCConfigurationList;
			buildConfigurations = (
				B4FDF37C29A9C2610084B359 /* Debug */,
				B4FDF37D29A9C2610084B359 /* Release */,
			);
			defaultConfigurationIsVisible = 0;
			defaultConfigurationName = Release;
		};
		B4FDF37E29A9C2610084B359 /* Build configuration list for PBXNativeTarget "MLSeriesDemonstratorIOSTests" */ = {
			isa = XCConfigurationList;
			buildConfigurations = (
				B4FDF37F29A9C2610084B359 /* Debug */,
				B4FDF38029A9C2610084B359 /* Release */,
			);
			defaultConfigurationIsVisible = 0;
			defaultConfigurationName = Release;
		};
		B4FDF38129A9C2610084B359 /* Build configuration list for PBXNativeTarget "MLSeriesDemonstratorIOSUITests" */ = {
			isa = XCConfigurationList;
			buildConfigurations = (
				B4FDF38229A9C2610084B359 /* Debug */,
				B4FDF38329A9C2610084B359 /* Release */,
			);
			defaultConfigurationIsVisible = 0;
			defaultConfigurationName = Release;
		};
/* End XCConfigurationList section */
	};
	rootObject = B4FDF34F29A9C25F0084B359 /* Project object */;
}
